
Microsoft Visual Studio Solution File, Format Version 12.00
Project("{FAE04EC0-301F-11D3-BF4B-00C04F79EFBC}") = "Jourlity.App", "Jourlity.App\Jourlity.App.csproj", "{265FD9AB-7BC0-4EA8-8831-24911599D92C}"
EndProject
Global
	GlobalSection(SolutionConfigurationPlatforms) = preSolution
		Debug|Any CPU = Debug|Any CPU
		Release|Any CPU = Release|Any CPU
	EndGlobalSection
	GlobalSection(ProjectConfigurationPlatforms) = postSolution
		{265FD9AB-7BC0-4EA8-8831-24911599D92C}.Debug|Any CPU.ActiveCfg = Debug|Any CPU
		{265FD9AB-7BC0-4EA8-8831-24911599D92C}.Debug|Any CPU.Build.0 = Debug|Any CPU
		{265FD9AB-7BC0-4EA8-8831-24911599D92C}.Release|Any CPU.ActiveCfg = Release|Any CPU
		{265FD9AB-7BC0-4EA8-8831-24911599D92C}.Release|Any CPU.Build.0 = Release|Any CPU
	EndGlobalSection
EndGlobal
